// !$*UTF8*$!
{
	archiveVersion = 1;
	classes = {
	};
	objectVersion = 56;
	objects = {

/* Begin PBXBuildFile section */
		1A12ABA82C0CFCD600C95BB1 /* ImportMGTRView.swift in Sources */ = {isa = PBXBuildFile; fileRef = 1A12ABA72C0CFCD600C95BB1 /* ImportMGTRView.swift */; };
		1A1CADF72C071E390043665A /* LocalizationDataModel.swift in Sources */ = {isa = PBXBuildFile; fileRef = 1A1CADF62C071E390043665A /* LocalizationDataModel.swift */; };
		1A1CADF92C07224A0043665A /* PathControllerView.swift in Sources */ = {isa = PBXBuildFile; fileRef = 1A1CADF82C07224A0043665A /* PathControllerView.swift */; };
		1A1CADFB2C072DB30043665A /* CustomProgressViewStyle.swift in Sources */ = {isa = PBXBuildFile; fileRef = 1A1CADFA2C072DB30043665A /* CustomProgressViewStyle.swift */; };
		1A1CADFD2C072DDE0043665A /* ProgressView.swift in Sources */ = {isa = PBXBuildFile; fileRef = 1A1CADFC2C072DDE0043665A /* ProgressView.swift */; };
		1A1CAE002C07311E0043665A /* ExportMGTRView.swift in Sources */ = {isa = PBXBuildFile; fileRef = 1A1CADFF2C07311E0043665A /* ExportMGTRView.swift */; };
		1A380E802BF73B8300B5120D /* DrawBoxView.swift in Sources */ = {isa = PBXBuildFile; fileRef = 1A380E7F2BF73B8300B5120D /* DrawBoxView.swift */; };
		1A63142E2C0D99D60022F6CF /* ImageLabelingView.swift in Sources */ = {isa = PBXBuildFile; fileRef = 1A63142D2C0D99D60022F6CF /* ImageLabelingView.swift */; };
		1A6314312C0D9A470022F6CF /* OriginalWordView.swift in Sources */ = {isa = PBXBuildFile; fileRef = 1A6314302C0D9A470022F6CF /* OriginalWordView.swift */; };
		1A6314332C0D9A920022F6CF /* TranslatorsNoteView.swift in Sources */ = {isa = PBXBuildFile; fileRef = 1A6314322C0D9A920022F6CF /* TranslatorsNoteView.swift */; };
		1A6314352C0D9AD70022F6CF /* ImagePickerView.swift in Sources */ = {isa = PBXBuildFile; fileRef = 1A6314342C0D9AD70022F6CF /* ImagePickerView.swift */; };
		1A6314372C0D9B180022F6CF /* ConvertToPngData.swift in Sources */ = {isa = PBXBuildFile; fileRef = 1A6314362C0D9B180022F6CF /* ConvertToPngData.swift */; };
		1A6314392C0D9D540022F6CF /* TranslatedWordView.swift in Sources */ = {isa = PBXBuildFile; fileRef = 1A6314382C0D9D540022F6CF /* TranslatedWordView.swift */; };
		1A63143B2C0D9E840022F6CF /* ExportXCstringsView.swift in Sources */ = {isa = PBXBuildFile; fileRef = 1A63143A2C0D9E840022F6CF /* ExportXCstringsView.swift */; };
		1A83AE372C0F38E600C42429 /* XCStringsModel.swift in Sources */ = {isa = PBXBuildFile; fileRef = 1A83AE362C0F38E600C42429 /* XCStringsModel.swift */; };
		1AB98FA42BFF39B90036552D /* GetSupportedLanguages.swift in Sources */ = {isa = PBXBuildFile; fileRef = 1AB98FA32BFF39B90036552D /* GetSupportedLanguages.swift */; };
		1AB98FA62BFF3A020036552D /* PathPickerView.swift in Sources */ = {isa = PBXBuildFile; fileRef = 1AB98FA52BFF3A020036552D /* PathPickerView.swift */; };
		1AB98FA82BFF3A7C0036552D /* EnterPersonNameView.swift in Sources */ = {isa = PBXBuildFile; fileRef = 1AB98FA72BFF3A7C0036552D /* EnterPersonNameView.swift */; };
		1ACA0B4D2C107681006966A7 /* NewCustomTextFieldStyle.swift in Sources */ = {isa = PBXBuildFile; fileRef = 1ACA0B4C2C107681006966A7 /* NewCustomTextFieldStyle.swift */; };
		1AD2F4C72C08848500B5530F /* CustomExtension.swift in Sources */ = {isa = PBXBuildFile; fileRef = 1AD2F4C32C08848500B5530F /* CustomExtension.swift */; };
		1AD2F4C82C08848500B5530F /* ExportFile.swift in Sources */ = {isa = PBXBuildFile; fileRef = 1AD2F4C42C08848500B5530F /* ExportFile.swift */; };
		1AD2F4C92C08848500B5530F /* ImportFile.swift in Sources */ = {isa = PBXBuildFile; fileRef = 1AD2F4C52C08848500B5530F /* ImportFile.swift */; };
		E72EA9442BF7690200BF8D76 /* LanguagePickerView.swift in Sources */ = {isa = PBXBuildFile; fileRef = E72EA9432BF7690200BF8D76 /* LanguagePickerView.swift */; };
		E72EA9482BFB437700BF8D76 /* EnterProjectNameView.swift in Sources */ = {isa = PBXBuildFile; fileRef = E72EA9472BFB437700BF8D76 /* EnterProjectNameView.swift */; };
		E72EA94A2BFC894B00BF8D76 /* LocalizationView.swift in Sources */ = {isa = PBXBuildFile; fileRef = E72EA9492BFC894B00BF8D76 /* LocalizationView.swift */; };
		E751894C2BF378AC00ABD7BB /* Localizable.xcstrings in Resources */ = {isa = PBXBuildFile; fileRef = E751894B2BF378AC00ABD7BB /* Localizable.xcstrings */; };
		E7B835352BF23B1000615BA4 /* MagicTranslateApp.swift in Sources */ = {isa = PBXBuildFile; fileRef = E7B835342BF23B1000615BA4 /* MagicTranslateApp.swift */; };
		E7B835392BF23B1200615BA4 /* Assets.xcassets in Resources */ = {isa = PBXBuildFile; fileRef = E7B835382BF23B1200615BA4 /* Assets.xcassets */; };
		E7B8354C2BF372DC00615BA4 /* ImportXCStringsView.swift in Sources */ = {isa = PBXBuildFile; fileRef = E7B8354B2BF372DC00615BA4 /* ImportXCStringsView.swift */; };
/* End PBXBuildFile section */

/* Begin PBXFileReference section */
		1A12ABA72C0CFCD600C95BB1 /* ImportMGTRView.swift */ = {isa = PBXFileReference; lastKnownFileType = sourcecode.swift; path = ImportMGTRView.swift; sourceTree = "<group>"; };
		1A1CADF62C071E390043665A /* LocalizationDataModel.swift */ = {isa = PBXFileReference; fileEncoding = 4; lastKnownFileType = sourcecode.swift; path = LocalizationDataModel.swift; sourceTree = "<group>"; };
		1A1CADF82C07224A0043665A /* PathControllerView.swift */ = {isa = PBXFileReference; lastKnownFileType = sourcecode.swift; path = PathControllerView.swift; sourceTree = "<group>"; };
		1A1CADFA2C072DB30043665A /* CustomProgressViewStyle.swift */ = {isa = PBXFileReference; lastKnownFileType = sourcecode.swift; path = CustomProgressViewStyle.swift; sourceTree = "<group>"; };
		1A1CADFC2C072DDE0043665A /* ProgressView.swift */ = {isa = PBXFileReference; lastKnownFileType = sourcecode.swift; path = ProgressView.swift; sourceTree = "<group>"; };
		1A1CADFF2C07311E0043665A /* ExportMGTRView.swift */ = {isa = PBXFileReference; lastKnownFileType = sourcecode.swift; path = ExportMGTRView.swift; sourceTree = "<group>"; };
		1A380E7F2BF73B8300B5120D /* DrawBoxView.swift */ = {isa = PBXFileReference; lastKnownFileType = sourcecode.swift; path = DrawBoxView.swift; sourceTree = "<group>"; };
		1A63142D2C0D99D60022F6CF /* ImageLabelingView.swift */ = {isa = PBXFileReference; lastKnownFileType = sourcecode.swift; path = ImageLabelingView.swift; sourceTree = "<group>"; };
		1A6314302C0D9A470022F6CF /* OriginalWordView.swift */ = {isa = PBXFileReference; lastKnownFileType = sourcecode.swift; path = OriginalWordView.swift; sourceTree = "<group>"; };
		1A6314322C0D9A920022F6CF /* TranslatorsNoteView.swift */ = {isa = PBXFileReference; lastKnownFileType = sourcecode.swift; path = TranslatorsNoteView.swift; sourceTree = "<group>"; };
		1A6314342C0D9AD70022F6CF /* ImagePickerView.swift */ = {isa = PBXFileReference; lastKnownFileType = sourcecode.swift; path = ImagePickerView.swift; sourceTree = "<group>"; };
		1A6314362C0D9B180022F6CF /* ConvertToPngData.swift */ = {isa = PBXFileReference; lastKnownFileType = sourcecode.swift; path = ConvertToPngData.swift; sourceTree = "<group>"; };
		1A6314382C0D9D540022F6CF /* TranslatedWordView.swift */ = {isa = PBXFileReference; lastKnownFileType = sourcecode.swift; path = TranslatedWordView.swift; sourceTree = "<group>"; };
		1A63143A2C0D9E840022F6CF /* ExportXCstringsView.swift */ = {isa = PBXFileReference; lastKnownFileType = sourcecode.swift; path = ExportXCstringsView.swift; sourceTree = "<group>"; };
		1A83AE362C0F38E600C42429 /* XCStringsModel.swift */ = {isa = PBXFileReference; lastKnownFileType = sourcecode.swift; path = XCStringsModel.swift; sourceTree = "<group>"; };
		1AB98FA32BFF39B90036552D /* GetSupportedLanguages.swift */ = {isa = PBXFileReference; lastKnownFileType = sourcecode.swift; path = GetSupportedLanguages.swift; sourceTree = "<group>"; };
		1AB98FA52BFF3A020036552D /* PathPickerView.swift */ = {isa = PBXFileReference; lastKnownFileType = sourcecode.swift; path = PathPickerView.swift; sourceTree = "<group>"; };
		1AB98FA72BFF3A7C0036552D /* EnterPersonNameView.swift */ = {isa = PBXFileReference; lastKnownFileType = sourcecode.swift; path = EnterPersonNameView.swift; sourceTree = "<group>"; };
		1ACA0B4C2C107681006966A7 /* NewCustomTextFieldStyle.swift */ = {isa = PBXFileReference; fileEncoding = 4; lastKnownFileType = sourcecode.swift; path = NewCustomTextFieldStyle.swift; sourceTree = "<group>"; };
		1AD2F4C32C08848500B5530F /* CustomExtension.swift */ = {isa = PBXFileReference; fileEncoding = 4; lastKnownFileType = sourcecode.swift; path = CustomExtension.swift; sourceTree = "<group>"; };
		1AD2F4C42C08848500B5530F /* ExportFile.swift */ = {isa = PBXFileReference; fileEncoding = 4; lastKnownFileType = sourcecode.swift; path = ExportFile.swift; sourceTree = "<group>"; };
		1AD2F4C52C08848500B5530F /* ImportFile.swift */ = {isa = PBXFileReference; fileEncoding = 4; lastKnownFileType = sourcecode.swift; path = ImportFile.swift; sourceTree = "<group>"; };
		E72EA9432BF7690200BF8D76 /* LanguagePickerView.swift */ = {isa = PBXFileReference; fileEncoding = 4; lastKnownFileType = sourcecode.swift; path = LanguagePickerView.swift; sourceTree = "<group>"; };
		E72EA9472BFB437700BF8D76 /* EnterProjectNameView.swift */ = {isa = PBXFileReference; lastKnownFileType = sourcecode.swift; path = EnterProjectNameView.swift; sourceTree = "<group>"; };
		E72EA9492BFC894B00BF8D76 /* LocalizationView.swift */ = {isa = PBXFileReference; lastKnownFileType = sourcecode.swift; path = LocalizationView.swift; sourceTree = "<group>"; };
		E751894B2BF378AC00ABD7BB /* Localizable.xcstrings */ = {isa = PBXFileReference; lastKnownFileType = text.json.xcstrings; path = Localizable.xcstrings; sourceTree = "<group>"; };
		E751894D2BF3CADE00ABD7BB /* Info.plist */ = {isa = PBXFileReference; lastKnownFileType = text.plist; path = Info.plist; sourceTree = "<group>"; };
		E7B835312BF23B1000615BA4 /* MagicTranslate.app */ = {isa = PBXFileReference; explicitFileType = wrapper.application; includeInIndex = 0; path = MagicTranslate.app; sourceTree = BUILT_PRODUCTS_DIR; };
		E7B835342BF23B1000615BA4 /* MagicTranslateApp.swift */ = {isa = PBXFileReference; lastKnownFileType = sourcecode.swift; path = MagicTranslateApp.swift; sourceTree = "<group>"; };
		E7B835382BF23B1200615BA4 /* Assets.xcassets */ = {isa = PBXFileReference; lastKnownFileType = folder.assetcatalog; path = Assets.xcassets; sourceTree = "<group>"; };
		E7B8353D2BF23B1200615BA4 /* MagicTranslate.entitlements */ = {isa = PBXFileReference; lastKnownFileType = text.plist.entitlements; path = MagicTranslate.entitlements; sourceTree = "<group>"; };
		E7B8354B2BF372DC00615BA4 /* ImportXCStringsView.swift */ = {isa = PBXFileReference; lastKnownFileType = sourcecode.swift; path = ImportXCStringsView.swift; sourceTree = "<group>"; };
/* End PBXFileReference section */

/* Begin PBXFrameworksBuildPhase section */
		E7B8352E2BF23B1000615BA4 /* Frameworks */ = {
			isa = PBXFrameworksBuildPhase;
			buildActionMask = 2147483647;
			files = (
			);
			runOnlyForDeploymentPostprocessing = 0;
		};
/* End PBXFrameworksBuildPhase section */

/* Begin PBXGroup section */
		1A12ABA52C0CE56100C95BB1 /* Components */ = {
			isa = PBXGroup;
			children = (
				1A380E7F2BF73B8300B5120D /* DrawBoxView.swift */,
			);
			path = Components;
			sourceTree = "<group>";
		};
		1A12ABA62C0CE59B00C95BB1 /* Components */ = {
			isa = PBXGroup;
			children = (
				1ACA0B4C2C107681006966A7 /* NewCustomTextFieldStyle.swift */,
				1A1CADFE2C072E5F0043665A /* Progress Bar */,
			);
			path = Components;
			sourceTree = "<group>";
		};
		1A1CADFE2C072E5F0043665A /* Progress Bar */ = {
			isa = PBXGroup;
			children = (
				1A1CADFA2C072DB30043665A /* CustomProgressViewStyle.swift */,
				1A1CADFC2C072DDE0043665A /* ProgressView.swift */,
			);
			path = "Progress Bar";
			sourceTree = "<group>";
		};
		1A63142C2C0D99A80022F6CF /* Localization View */ = {
			isa = PBXGroup;
			children = (
				1A63142F2C0D9A1A0022F6CF /* Bento Components */,
				E72EA9492BFC894B00BF8D76 /* LocalizationView.swift */,
			);
			path = "Localization View";
			sourceTree = "<group>";
		};
		1A63142F2C0D9A1A0022F6CF /* Bento Components */ = {
			isa = PBXGroup;
			children = (
				1A63142D2C0D99D60022F6CF /* ImageLabelingView.swift */,
				1A6314302C0D9A470022F6CF /* OriginalWordView.swift */,
				1A6314322C0D9A920022F6CF /* TranslatorsNoteView.swift */,
				1A6314342C0D9AD70022F6CF /* ImagePickerView.swift */,
				1A6314382C0D9D540022F6CF /* TranslatedWordView.swift */,
			);
			path = "Bento Components";
			sourceTree = "<group>";
		};
		1A83AE352C0F38D700C42429 /* XCStringsModel */ = {
			isa = PBXGroup;
			children = (
				1A83AE362C0F38E600C42429 /* XCStringsModel.swift */,
			);
			path = XCStringsModel;
			sourceTree = "<group>";
		};
		1AB98FA22BFF39A50036552D /* Support Files */ = {
			isa = PBXGroup;
			children = (
				1A83AE352C0F38D700C42429 /* XCStringsModel */,
				1AD2F4C62C08848500B5530F /* File Management */,
				1A1CADF62C071E390043665A /* LocalizationDataModel.swift */,
				1AB98FA32BFF39B90036552D /* GetSupportedLanguages.swift */,
				1A6314362C0D9B180022F6CF /* ConvertToPngData.swift */,
			);
			path = "Support Files";
			sourceTree = "<group>";
		};
		1AD2F4C62C08848500B5530F /* File Management */ = {
			isa = PBXGroup;
			children = (
				1AD2F4C32C08848500B5530F /* CustomExtension.swift */,
				1AD2F4C42C08848500B5530F /* ExportFile.swift */,
				1AD2F4C52C08848500B5530F /* ImportFile.swift */,
			);
			path = "File Management";
			sourceTree = "<group>";
		};
		E72EA9452BF76AA600BF8D76 /* Developer */ = {
			isa = PBXGroup;
			children = (
				E7B8354B2BF372DC00615BA4 /* ImportXCStringsView.swift */,
				E72EA9472BFB437700BF8D76 /* EnterProjectNameView.swift */,
				1A1CADFF2C07311E0043665A /* ExportMGTRView.swift */,
				1A12ABA52C0CE56100C95BB1 /* Components */,
			);
			path = Developer;
			sourceTree = "<group>";
		};
		E72EA9462BF76AAE00BF8D76 /* Translator */ = {
			isa = PBXGroup;
			children = (
				E72EA9432BF7690200BF8D76 /* LanguagePickerView.swift */,
				1AB98FA72BFF3A7C0036552D /* EnterPersonNameView.swift */,
				1A12ABA72C0CFCD600C95BB1 /* ImportMGTRView.swift */,
				1A63143A2C0D9E840022F6CF /* ExportXCstringsView.swift */,
			);
			path = Translator;
			sourceTree = "<group>";
		};
		E7B835282BF23B1000615BA4 = {
			isa = PBXGroup;
			children = (
				E751894B2BF378AC00ABD7BB /* Localizable.xcstrings */,
				E7B835342BF23B1000615BA4 /* MagicTranslateApp.swift */,
				E7B835332BF23B1000615BA4 /* MagicTranslate */,
				E7B835322BF23B1000615BA4 /* Products */,
			);
			sourceTree = "<group>";
		};
		E7B835322BF23B1000615BA4 /* Products */ = {
			isa = PBXGroup;
			children = (
				E7B835312BF23B1000615BA4 /* MagicTranslate.app */,
			);
			name = Products;
			sourceTree = "<group>";
		};
		E7B835332BF23B1000615BA4 /* MagicTranslate */ = {
			isa = PBXGroup;
			children = (
				1AB98FA52BFF3A020036552D /* PathPickerView.swift */,
				1A1CADF82C07224A0043665A /* PathControllerView.swift */,
				1A63142C2C0D99A80022F6CF /* Localization View */,
				1A12ABA62C0CE59B00C95BB1 /* Components */,
				1AB98FA22BFF39A50036552D /* Support Files */,
				E72EA9462BF76AAE00BF8D76 /* Translator */,
				E72EA9452BF76AA600BF8D76 /* Developer */,
				E7B835382BF23B1200615BA4 /* Assets.xcassets */,
				E751894D2BF3CADE00ABD7BB /* Info.plist */,
				E7B8353D2BF23B1200615BA4 /* MagicTranslate.entitlements */,
			);
			path = MagicTranslate;
			sourceTree = "<group>";
		};
/* End PBXGroup section */

/* Begin PBXNativeTarget section */
		E7B835302BF23B1000615BA4 /* MagicTranslate */ = {
			isa = PBXNativeTarget;
			buildConfigurationList = E7B835402BF23B1200615BA4 /* Build configuration list for PBXNativeTarget "MagicTranslate" */;
			buildPhases = (
				E7B8352D2BF23B1000615BA4 /* Sources */,
				E7B8352E2BF23B1000615BA4 /* Frameworks */,
				E7B8352F2BF23B1000615BA4 /* Resources */,
			);
			buildRules = (
			);
			dependencies = (
			);
			name = MagicTranslate;
			productName = MagicTranslate;
			productReference = E7B835312BF23B1000615BA4 /* MagicTranslate.app */;
			productType = "com.apple.product-type.application";
		};
/* End PBXNativeTarget section */

/* Begin PBXProject section */
		E7B835292BF23B1000615BA4 /* Project object */ = {
			isa = PBXProject;
			attributes = {
				BuildIndependentTargetsInParallel = 1;
				LastSwiftUpdateCheck = 1500;
				LastUpgradeCheck = 1540;
				TargetAttributes = {
					E7B835302BF23B1000615BA4 = {
						CreatedOnToolsVersion = 15.0;
					};
				};
			};
			buildConfigurationList = E7B8352C2BF23B1000615BA4 /* Build configuration list for PBXProject "MagicTranslate" */;
			compatibilityVersion = "Xcode 14.0";
			developmentRegion = en;
			hasScannedForEncodings = 0;
			knownRegions = (
				en,
				Base,
				ru,
				it,
				uz,
			);
			mainGroup = E7B835282BF23B1000615BA4;
			productRefGroup = E7B835322BF23B1000615BA4 /* Products */;
			projectDirPath = "";
			projectRoot = "";
			targets = (
				E7B835302BF23B1000615BA4 /* MagicTranslate */,
			);
		};
/* End PBXProject section */

/* Begin PBXResourcesBuildPhase section */
		E7B8352F2BF23B1000615BA4 /* Resources */ = {
			isa = PBXResourcesBuildPhase;
			buildActionMask = 2147483647;
			files = (
				E751894C2BF378AC00ABD7BB /* Localizable.xcstrings in Resources */,
				E7B835392BF23B1200615BA4 /* Assets.xcassets in Resources */,
			);
			runOnlyForDeploymentPostprocessing = 0;
		};
/* End PBXResourcesBuildPhase section */

/* Begin PBXSourcesBuildPhase section */
		E7B8352D2BF23B1000615BA4 /* Sources */ = {
			isa = PBXSourcesBuildPhase;
			buildActionMask = 2147483647;
			files = (
				1A1CADF72C071E390043665A /* LocalizationDataModel.swift in Sources */,
				1A83AE372C0F38E600C42429 /* XCStringsModel.swift in Sources */,
				E7B835352BF23B1000615BA4 /* MagicTranslateApp.swift in Sources */,
				1AD2F4C82C08848500B5530F /* ExportFile.swift in Sources */,
				1AB98FA82BFF3A7C0036552D /* EnterPersonNameView.swift in Sources */,
				E7B8354C2BF372DC00615BA4 /* ImportXCStringsView.swift in Sources */,
				1A63143B2C0D9E840022F6CF /* ExportXCstringsView.swift in Sources */,
				1A6314312C0D9A470022F6CF /* OriginalWordView.swift in Sources */,
				1AB98FA62BFF3A020036552D /* PathPickerView.swift in Sources */,
				1AB98FA42BFF39B90036552D /* GetSupportedLanguages.swift in Sources */,
				1A380E802BF73B8300B5120D /* DrawBoxView.swift in Sources */,
				1A12ABA82C0CFCD600C95BB1 /* ImportMGTRView.swift in Sources */,
				1A63142E2C0D99D60022F6CF /* ImageLabelingView.swift in Sources */,
				1AD2F4C72C08848500B5530F /* CustomExtension.swift in Sources */,
				1A6314392C0D9D540022F6CF /* TranslatedWordView.swift in Sources */,
				1AD2F4C92C08848500B5530F /* ImportFile.swift in Sources */,
				1ACA0B4D2C107681006966A7 /* NewCustomTextFieldStyle.swift in Sources */,
				1A1CADFB2C072DB30043665A /* CustomProgressViewStyle.swift in Sources */,
				1A6314352C0D9AD70022F6CF /* ImagePickerView.swift in Sources */,
				1A6314372C0D9B180022F6CF /* ConvertToPngData.swift in Sources */,
				E72EA94A2BFC894B00BF8D76 /* LocalizationView.swift in Sources */,
				1A6314332C0D9A920022F6CF /* TranslatorsNoteView.swift in Sources */,
				E72EA9442BF7690200BF8D76 /* LanguagePickerView.swift in Sources */,
				1A1CADFD2C072DDE0043665A /* ProgressView.swift in Sources */,
				1A1CAE002C07311E0043665A /* ExportMGTRView.swift in Sources */,
				E72EA9482BFB437700BF8D76 /* EnterProjectNameView.swift in Sources */,
				1A1CADF92C07224A0043665A /* PathControllerView.swift in Sources */,
			);
			runOnlyForDeploymentPostprocessing = 0;
		};
/* End PBXSourcesBuildPhase section */

/* Begin XCBuildConfiguration section */
		E7B8353E2BF23B1200615BA4 /* Debug */ = {
			isa = XCBuildConfiguration;
			buildSettings = {
				ALWAYS_SEARCH_USER_PATHS = NO;
				ASSETCATALOG_COMPILER_GENERATE_SWIFT_ASSET_SYMBOL_EXTENSIONS = YES;
				CLANG_ANALYZER_LOCALIZABILITY_NONLOCALIZED = YES;
				CLANG_ANALYZER_NONNULL = YES;
				CLANG_ANALYZER_NUMBER_OBJECT_CONVERSION = YES_AGGRESSIVE;
				CLANG_CXX_LANGUAGE_STANDARD = "gnu++20";
				CLANG_ENABLE_MODULES = YES;
				CLANG_ENABLE_OBJC_ARC = YES;
				CLANG_ENABLE_OBJC_WEAK = YES;
				CLANG_WARN_BLOCK_CAPTURE_AUTORELEASING = YES;
				CLANG_WARN_BOOL_CONVERSION = YES;
				CLANG_WARN_COMMA = YES;
				CLANG_WARN_CONSTANT_CONVERSION = YES;
				CLANG_WARN_DEPRECATED_OBJC_IMPLEMENTATIONS = YES;
				CLANG_WARN_DIRECT_OBJC_ISA_USAGE = YES_ERROR;
				CLANG_WARN_DOCUMENTATION_COMMENTS = YES;
				CLANG_WARN_EMPTY_BODY = YES;
				CLANG_WARN_ENUM_CONVERSION = YES;
				CLANG_WARN_INFINITE_RECURSION = YES;
				CLANG_WARN_INT_CONVERSION = YES;
				CLANG_WARN_NON_LITERAL_NULL_CONVERSION = YES;
				CLANG_WARN_OBJC_IMPLICIT_RETAIN_SELF = YES;
				CLANG_WARN_OBJC_LITERAL_CONVERSION = YES;
				CLANG_WARN_OBJC_ROOT_CLASS = YES_ERROR;
				CLANG_WARN_QUOTED_INCLUDE_IN_FRAMEWORK_HEADER = YES;
				CLANG_WARN_RANGE_LOOP_ANALYSIS = YES;
				CLANG_WARN_STRICT_PROTOTYPES = YES;
				CLANG_WARN_SUSPICIOUS_MOVE = YES;
				CLANG_WARN_UNGUARDED_AVAILABILITY = YES_AGGRESSIVE;
				CLANG_WARN_UNREACHABLE_CODE = YES;
				CLANG_WARN__DUPLICATE_METHOD_MATCH = YES;
				COPY_PHASE_STRIP = NO;
				DEAD_CODE_STRIPPING = YES;
				DEBUG_INFORMATION_FORMAT = dwarf;
				ENABLE_STRICT_OBJC_MSGSEND = YES;
				ENABLE_TESTABILITY = YES;
				ENABLE_USER_SCRIPT_SANDBOXING = YES;
				GCC_C_LANGUAGE_STANDARD = gnu17;
				GCC_DYNAMIC_NO_PIC = NO;
				GCC_NO_COMMON_BLOCKS = YES;
				GCC_OPTIMIZATION_LEVEL = 0;
				GCC_PREPROCESSOR_DEFINITIONS = (
					"DEBUG=1",
					"$(inherited)",
				);
				GCC_WARN_64_TO_32_BIT_CONVERSION = YES;
				GCC_WARN_ABOUT_RETURN_TYPE = YES_ERROR;
				GCC_WARN_UNDECLARED_SELECTOR = YES;
				GCC_WARN_UNINITIALIZED_AUTOS = YES_AGGRESSIVE;
				GCC_WARN_UNUSED_FUNCTION = YES;
				GCC_WARN_UNUSED_VARIABLE = YES;
				LOCALIZATION_PREFERS_STRING_CATALOGS = YES;
				MACOSX_DEPLOYMENT_TARGET = 14.0;
				MTL_ENABLE_DEBUG_INFO = INCLUDE_SOURCE;
				MTL_FAST_MATH = YES;
				ONLY_ACTIVE_ARCH = YES;
				SDKROOT = macosx;
				SWIFT_ACTIVE_COMPILATION_CONDITIONS = "DEBUG $(inherited)";
				SWIFT_OPTIMIZATION_LEVEL = "-Onone";
			};
			name = Debug;
		};
		E7B8353F2BF23B1200615BA4 /* Release */ = {
			isa = XCBuildConfiguration;
			buildSettings = {
				ALWAYS_SEARCH_USER_PATHS = NO;
				ASSETCATALOG_COMPILER_GENERATE_SWIFT_ASSET_SYMBOL_EXTENSIONS = YES;
				CLANG_ANALYZER_LOCALIZABILITY_NONLOCALIZED = YES;
				CLANG_ANALYZER_NONNULL = YES;
				CLANG_ANALYZER_NUMBER_OBJECT_CONVERSION = YES_AGGRESSIVE;
				CLANG_CXX_LANGUAGE_STANDARD = "gnu++20";
				CLANG_ENABLE_MODULES = YES;
				CLANG_ENABLE_OBJC_ARC = YES;
				CLANG_ENABLE_OBJC_WEAK = YES;
				CLANG_WARN_BLOCK_CAPTURE_AUTORELEASING = YES;
				CLANG_WARN_BOOL_CONVERSION = YES;
				CLANG_WARN_COMMA = YES;
				CLANG_WARN_CONSTANT_CONVERSION = YES;
				CLANG_WARN_DEPRECATED_OBJC_IMPLEMENTATIONS = YES;
				CLANG_WARN_DIRECT_OBJC_ISA_USAGE = YES_ERROR;
				CLANG_WARN_DOCUMENTATION_COMMENTS = YES;
				CLANG_WARN_EMPTY_BODY = YES;
				CLANG_WARN_ENUM_CONVERSION = YES;
				CLANG_WARN_INFINITE_RECURSION = YES;
				CLANG_WARN_INT_CONVERSION = YES;
				CLANG_WARN_NON_LITERAL_NULL_CONVERSION = YES;
				CLANG_WARN_OBJC_IMPLICIT_RETAIN_SELF = YES;
				CLANG_WARN_OBJC_LITERAL_CONVERSION = YES;
				CLANG_WARN_OBJC_ROOT_CLASS = YES_ERROR;
				CLANG_WARN_QUOTED_INCLUDE_IN_FRAMEWORK_HEADER = YES;
				CLANG_WARN_RANGE_LOOP_ANALYSIS = YES;
				CLANG_WARN_STRICT_PROTOTYPES = YES;
				CLANG_WARN_SUSPICIOUS_MOVE = YES;
				CLANG_WARN_UNGUARDED_AVAILABILITY = YES_AGGRESSIVE;
				CLANG_WARN_UNREACHABLE_CODE = YES;
				CLANG_WARN__DUPLICATE_METHOD_MATCH = YES;
				COPY_PHASE_STRIP = NO;
				DEAD_CODE_STRIPPING = YES;
				DEBUG_INFORMATION_FORMAT = "dwarf-with-dsym";
				ENABLE_NS_ASSERTIONS = NO;
				ENABLE_STRICT_OBJC_MSGSEND = YES;
				ENABLE_USER_SCRIPT_SANDBOXING = YES;
				GCC_C_LANGUAGE_STANDARD = gnu17;
				GCC_NO_COMMON_BLOCKS = YES;
				GCC_WARN_64_TO_32_BIT_CONVERSION = YES;
				GCC_WARN_ABOUT_RETURN_TYPE = YES_ERROR;
				GCC_WARN_UNDECLARED_SELECTOR = YES;
				GCC_WARN_UNINITIALIZED_AUTOS = YES_AGGRESSIVE;
				GCC_WARN_UNUSED_FUNCTION = YES;
				GCC_WARN_UNUSED_VARIABLE = YES;
				LOCALIZATION_PREFERS_STRING_CATALOGS = YES;
				MACOSX_DEPLOYMENT_TARGET = 14.0;
				MTL_ENABLE_DEBUG_INFO = NO;
				MTL_FAST_MATH = YES;
				SDKROOT = macosx;
				SWIFT_COMPILATION_MODE = wholemodule;
			};
			name = Release;
		};
		E7B835412BF23B1200615BA4 /* Debug */ = {
			isa = XCBuildConfiguration;
			buildSettings = {
				ASSETCATALOG_COMPILER_APPICON_NAME = AppIcon;
				ASSETCATALOG_COMPILER_GLOBAL_ACCENT_COLOR_NAME = AccentColor;
				CODE_SIGN_ENTITLEMENTS = MagicTranslate/MagicTranslate.entitlements;
				"CODE_SIGN_IDENTITY[sdk=macosx*]" = "Apple Development";
				CODE_SIGN_STYLE = Automatic;
				COMBINE_HIDPI_IMAGES = YES;
				CURRENT_PROJECT_VERSION = 1;
				DEAD_CODE_STRIPPING = YES;
				DEVELOPMENT_TEAM = GXDG2KXXXC;
				ENABLE_HARDENED_RUNTIME = YES;
				ENABLE_PREVIEWS = YES;
				GENERATE_INFOPLIST_FILE = YES;
				INFOPLIST_FILE = MagicTranslate/Info.plist;
				INFOPLIST_KEY_CFBundleDisplayName = "Magic Translate";
				INFOPLIST_KEY_LSApplicationCategoryType = "public.app-category.developer-tools";
				INFOPLIST_KEY_NSHumanReadableCopyright = "";
				INFOPLIST_KEY_NSPhotoLibraryUsageDescription = "We need access to your photo library to select screenshots.";
				LD_RUNPATH_SEARCH_PATHS = (
					"$(inherited)",
					"@executable_path/../Frameworks",
				);
				MARKETING_VERSION = 1.0;
				PRODUCT_BUNDLE_IDENTIFIER = dev.novoselov.MagicTranslate;
				PRODUCT_NAME = "$(TARGET_NAME)";
				SWIFT_EMIT_LOC_STRINGS = YES;
				SWIFT_VERSION = 5.0;
			};
			name = Debug;
		};
		E7B835422BF23B1200615BA4 /* Release */ = {
			isa = XCBuildConfiguration;
			buildSettings = {
				ASSETCATALOG_COMPILER_APPICON_NAME = AppIcon;
				ASSETCATALOG_COMPILER_GLOBAL_ACCENT_COLOR_NAME = AccentColor;
				CODE_SIGN_ENTITLEMENTS = MagicTranslate/MagicTranslate.entitlements;
				"CODE_SIGN_IDENTITY[sdk=macosx*]" = "Apple Development";
				CODE_SIGN_STYLE = Automatic;
				COMBINE_HIDPI_IMAGES = YES;
				CURRENT_PROJECT_VERSION = 1;
				DEAD_CODE_STRIPPING = YES;
				DEVELOPMENT_TEAM = GXDG2KXXXC;
				ENABLE_HARDENED_RUNTIME = YES;
				ENABLE_PREVIEWS = YES;
				GENERATE_INFOPLIST_FILE = YES;
				INFOPLIST_FILE = MagicTranslate/Info.plist;
				INFOPLIST_KEY_CFBundleDisplayName = "Magic Translate";
				INFOPLIST_KEY_LSApplicationCategoryType = "public.app-category.developer-tools";
				INFOPLIST_KEY_NSHumanReadableCopyright = "";
				INFOPLIST_KEY_NSPhotoLibraryUsageDescription = "We need access to your photo library to select screenshots.";
				LD_RUNPATH_SEARCH_PATHS = (
					"$(inherited)",
					"@executable_path/../Frameworks",
				);
				MARKETING_VERSION = 1.0;
				PRODUCT_BUNDLE_IDENTIFIER = dev.novoselov.MagicTranslate;
				PRODUCT_NAME = "$(TARGET_NAME)";
				SWIFT_EMIT_LOC_STRINGS = YES;
				SWIFT_VERSION = 5.0;
			};
			name = Release;
		};
/* End XCBuildConfiguration section */

/* Begin XCConfigurationList section */
		E7B8352C2BF23B1000615BA4 /* Build configuration list for PBXProject "MagicTranslate" */ = {
			isa = XCConfigurationList;
			buildConfigurations = (
				E7B8353E2BF23B1200615BA4 /* Debug */,
				E7B8353F2BF23B1200615BA4 /* Release */,
			);
			defaultConfigurationIsVisible = 0;
			defaultConfigurationName = Release;
		};
		E7B835402BF23B1200615BA4 /* Build configuration list for PBXNativeTarget "MagicTranslate" */ = {
			isa = XCConfigurationList;
			buildConfigurations = (
				E7B835412BF23B1200615BA4 /* Debug */,
				E7B835422BF23B1200615BA4 /* Release */,
			);
			defaultConfigurationIsVisible = 0;
			defaultConfigurationName = Release;
		};
/* End XCConfigurationList section */
	};
	rootObject = E7B835292BF23B1000615BA4 /* Project object */;
}
